// !$*UTF8*$!
{
	archiveVersion = 1;
	classes = {
	};
	objectVersion = 48;
	objects = {

/* Begin PBXBuildFile section */
		0E4752C3201EDDC7002EA382 /* clock2@2x.png in Resources */ = {isa = PBXBuildFile; fileRef = 0E4752B5201EDDC7002EA382 /* clock2@2x.png */; };
		0E4752C4201EDDC7002EA382 /* clock@2x.png in Resources */ = {isa = PBXBuildFile; fileRef = 0E4752B6201EDDC7002EA382 /* clock@2x.png */; };
		0E4752C5201EDDC7002EA382 /* h@2x.png in Resources */ = {isa = PBXBuildFile; fileRef = 0E4752B7201EDDC7002EA382 /* h@2x.png */; };
		0E4752C6201EDDC7002EA382 /* hourhand2@2x.png in Resources */ = {isa = PBXBuildFile; fileRef = 0E4752B8201EDDC7002EA382 /* hourhand2@2x.png */; };
		0E4752C7201EDDC7002EA382 /* hourhand@2x.png in Resources */ = {isa = PBXBuildFile; fileRef = 0E4752B9201EDDC7002EA382 /* hourhand@2x.png */; };
		0E4752C8201EDDC7002EA382 /* m@2x.png in Resources */ = {isa = PBXBuildFile; fileRef = 0E4752BA201EDDC7002EA382 /* m@2x.png */; };
		0E4752C9201EDDC7002EA382 /* minutehand2@2x.png in Resources */ = {isa = PBXBuildFile; fileRef = 0E4752BB201EDDC7002EA382 /* minutehand2@2x.png */; };
		0E4752CA201EDDC7002EA382 /* minutehand@2x.png in Resources */ = {isa = PBXBuildFile; fileRef = 0E4752BC201EDDC7002EA382 /* minutehand@2x.png */; };
		0E4752CB201EDDC7002EA382 /* s@2x.png in Resources */ = {isa = PBXBuildFile; fileRef = 0E4752BD201EDDC7002EA382 /* s@2x.png */; };
		0E4752CC201EDDC7002EA382 /* secondhand2@2x.png in Resources */ = {isa = PBXBuildFile; fileRef = 0E4752BE201EDDC7002EA382 /* secondhand2@2x.png */; };
		0E4752CD201EDDC7002EA382 /* secondhand@2x.png in Resources */ = {isa = PBXBuildFile; fileRef = 0E4752BF201EDDC7002EA382 /* secondhand@2x.png */; };
		0E4752CE201EDDC7002EA382 /* AppDelegate.swift in Sources */ = {isa = PBXBuildFile; fileRef = 0E4752C1201EDDC7002EA382 /* AppDelegate.swift */; };
		0E4752CF201EDDC7002EA382 /* ViewController.swift in Sources */ = {isa = PBXBuildFile; fileRef = 0E4752C2201EDDC7002EA382 /* ViewController.swift */; };
		0E9A084120013B0C00DD65DB /* Main.storyboard in Resources */ = {isa = PBXBuildFile; fileRef = 0E9A083F20013B0C00DD65DB /* Main.storyboard */; };
		0E9A084320013B0C00DD65DB /* Assets.xcassets in Resources */ = {isa = PBXBuildFile; fileRef = 0E9A084220013B0C00DD65DB /* Assets.xcassets */; };
		0E9A084620013B0C00DD65DB /* LaunchScreen.storyboard in Resources */ = {isa = PBXBuildFile; fileRef = 0E9A084420013B0C00DD65DB /* LaunchScreen.storyboard */; };
		0EB234C92354899600442A85 /* AMNowClockView.swift in Sources */ = {isa = PBXBuildFile; fileRef = 0EB234C82354899600442A85 /* AMNowClockView.swift */; };
		0EDDDE97234F3A1900A8E0F4 /* SampleAMNowClockTests.swift in Sources */ = {isa = PBXBuildFile; fileRef = 0EDDDE96234F3A1900A8E0F4 /* SampleAMNowClockTests.swift */; };
/* End PBXBuildFile section */

/* Begin PBXContainerItemProxy section */
		0EDDDE99234F3A1900A8E0F4 /* PBXContainerItemProxy */ = {
			isa = PBXContainerItemProxy;
			containerPortal = 0E9A083020013B0C00DD65DB /* Project object */;
			proxyType = 1;
			remoteGlobalIDString = 0E9A083720013B0C00DD65DB;
			remoteInfo = SampleAMNowClock;
		};
/* End PBXContainerItemProxy section */

/* Begin PBXFileReference section */
		0E4752B5201EDDC7002EA382 /* clock2@2x.png */ = {isa = PBXFileReference; lastKnownFileType = image.png; path = "clock2@2x.png"; sourceTree = "<group>"; };
		0E4752B6201EDDC7002EA382 /* clock@2x.png */ = {isa = PBXFileReference; lastKnownFileType = image.png; path = "clock@2x.png"; sourceTree = "<group>"; };
		0E4752B7201EDDC7002EA382 /* h@2x.png */ = {isa = PBXFileReference; lastKnownFileType = image.png; path = "h@2x.png"; sourceTree = "<group>"; };
		0E4752B8201EDDC7002EA382 /* hourhand2@2x.png */ = {isa = PBXFileReference; lastKnownFileType = image.png; path = "hourhand2@2x.png"; sourceTree = "<group>"; };
		0E4752B9201EDDC7002EA382 /* hourhand@2x.png */ = {isa = PBXFileReference; lastKnownFileType = image.png; path = "hourhand@2x.png"; sourceTree = "<group>"; };
		0E4752BA201EDDC7002EA382 /* m@2x.png */ = {isa = PBXFileReference; lastKnownFileType = image.png; path = "m@2x.png"; sourceTree = "<group>"; };
		0E4752BB201EDDC7002EA382 /* minutehand2@2x.png */ = {isa = PBXFileReference; lastKnownFileType = image.png; path = "minutehand2@2x.png"; sourceTree = "<group>"; };
		0E4752BC201EDDC7002EA382 /* minutehand@2x.png */ = {isa = PBXFileReference; lastKnownFileType = image.png; path = "minutehand@2x.png"; sourceTree = "<group>"; };
		0E4752BD201EDDC7002EA382 /* s@2x.png */ = {isa = PBXFileReference; lastKnownFileType = image.png; path = "s@2x.png"; sourceTree = "<group>"; };
		0E4752BE201EDDC7002EA382 /* secondhand2@2x.png */ = {isa = PBXFileReference; lastKnownFileType = image.png; path = "secondhand2@2x.png"; sourceTree = "<group>"; };
		0E4752BF201EDDC7002EA382 /* secondhand@2x.png */ = {isa = PBXFileReference; lastKnownFileType = image.png; path = "secondhand@2x.png"; sourceTree = "<group>"; };
		0E4752C1201EDDC7002EA382 /* AppDelegate.swift */ = {isa = PBXFileReference; fileEncoding = 4; lastKnownFileType = sourcecode.swift; path = AppDelegate.swift; sourceTree = "<group>"; };
		0E4752C2201EDDC7002EA382 /* ViewController.swift */ = {isa = PBXFileReference; fileEncoding = 4; lastKnownFileType = sourcecode.swift; path = ViewController.swift; sourceTree = "<group>"; };
		0E9A083820013B0C00DD65DB /* SampleAMNowClock.app */ = {isa = PBXFileReference; explicitFileType = wrapper.application; includeInIndex = 0; path = SampleAMNowClock.app; sourceTree = BUILT_PRODUCTS_DIR; };
		0E9A084020013B0C00DD65DB /* Base */ = {isa = PBXFileReference; lastKnownFileType = file.storyboard; name = Base; path = Base.lproj/Main.storyboard; sourceTree = "<group>"; };
		0E9A084220013B0C00DD65DB /* Assets.xcassets */ = {isa = PBXFileReference; lastKnownFileType = folder.assetcatalog; path = Assets.xcassets; sourceTree = "<group>"; };
		0E9A084520013B0C00DD65DB /* Base */ = {isa = PBXFileReference; lastKnownFileType = file.storyboard; name = Base; path = Base.lproj/LaunchScreen.storyboard; sourceTree = "<group>"; };
		0E9A084720013B0C00DD65DB /* Info.plist */ = {isa = PBXFileReference; lastKnownFileType = text.plist.xml; path = Info.plist; sourceTree = "<group>"; };
		0EB234C82354899600442A85 /* AMNowClockView.swift */ = {isa = PBXFileReference; fileEncoding = 4; lastKnownFileType = sourcecode.swift; path = AMNowClockView.swift; sourceTree = "<group>"; };
		0EDDDE94234F3A1900A8E0F4 /* SampleAMNowClockTests.xctest */ = {isa = PBXFileReference; explicitFileType = wrapper.cfbundle; includeInIndex = 0; path = SampleAMNowClockTests.xctest; sourceTree = BUILT_PRODUCTS_DIR; };
		0EDDDE96234F3A1900A8E0F4 /* SampleAMNowClockTests.swift */ = {isa = PBXFileReference; lastKnownFileType = sourcecode.swift; path = SampleAMNowClockTests.swift; sourceTree = "<group>"; };
		0EDDDE98234F3A1900A8E0F4 /* Info.plist */ = {isa = PBXFileReference; lastKnownFileType = text.plist.xml; path = Info.plist; sourceTree = "<group>"; };
/* End PBXFileReference section */

/* Begin PBXFrameworksBuildPhase section */
		0E9A083520013B0C00DD65DB /* Frameworks */ = {
			isa = PBXFrameworksBuildPhase;
			buildActionMask = 2147483647;
			files = (
			);
			runOnlyForDeploymentPostprocessing = 0;
		};
		0EDDDE91234F3A1900A8E0F4 /* Frameworks */ = {
			isa = PBXFrameworksBuildPhase;
			buildActionMask = 2147483647;
			files = (
			);
			runOnlyForDeploymentPostprocessing = 0;
		};
/* End PBXFrameworksBuildPhase section */

/* Begin PBXGroup section */
		0E4752B4201EDDC7002EA382 /* image */ = {
			isa = PBXGroup;
			children = (
				0E4752B5201EDDC7002EA382 /* clock2@2x.png */,
				0E4752B6201EDDC7002EA382 /* clock@2x.png */,
				0E4752B7201EDDC7002EA382 /* h@2x.png */,
				0E4752B8201EDDC7002EA382 /* hourhand2@2x.png */,
				0E4752B9201EDDC7002EA382 /* hourhand@2x.png */,
				0E4752BA201EDDC7002EA382 /* m@2x.png */,
				0E4752BB201EDDC7002EA382 /* minutehand2@2x.png */,
				0E4752BC201EDDC7002EA382 /* minutehand@2x.png */,
				0E4752BD201EDDC7002EA382 /* s@2x.png */,
				0E4752BE201EDDC7002EA382 /* secondhand2@2x.png */,
				0E4752BF201EDDC7002EA382 /* secondhand@2x.png */,
			);
			path = image;
			sourceTree = "<group>";
		};
		0E4752C0201EDDC7002EA382 /* Classes */ = {
			isa = PBXGroup;
			children = (
				0EB234C72354899600442A85 /* Source */,
				0E4752C1201EDDC7002EA382 /* AppDelegate.swift */,
				0E4752C2201EDDC7002EA382 /* ViewController.swift */,
			);
			path = Classes;
			sourceTree = "<group>";
		};
		0E9A082F20013B0C00DD65DB = {
			isa = PBXGroup;
			children = (
				0E9A083A20013B0C00DD65DB /* SampleAMNowClock */,
				0EDDDE95234F3A1900A8E0F4 /* SampleAMNowClockTests */,
				0E9A083920013B0C00DD65DB /* Products */,
			);
			sourceTree = "<group>";
		};
		0E9A083920013B0C00DD65DB /* Products */ = {
			isa = PBXGroup;
			children = (
				0E9A083820013B0C00DD65DB /* SampleAMNowClock.app */,
				0EDDDE94234F3A1900A8E0F4 /* SampleAMNowClockTests.xctest */,
			);
			name = Products;
			sourceTree = "<group>";
		};
		0E9A083A20013B0C00DD65DB /* SampleAMNowClock */ = {
			isa = PBXGroup;
			children = (
				0E4752C0201EDDC7002EA382 /* Classes */,
				0E4752B4201EDDC7002EA382 /* image */,
				0E9A083F20013B0C00DD65DB /* Main.storyboard */,
				0E9A084220013B0C00DD65DB /* Assets.xcassets */,
				0E9A084420013B0C00DD65DB /* LaunchScreen.storyboard */,
				0E9A084720013B0C00DD65DB /* Info.plist */,
			);
			path = SampleAMNowClock;
			sourceTree = "<group>";
		};
		0EB234C72354899600442A85 /* Source */ = {
			isa = PBXGroup;
			children = (
				0EB234C82354899600442A85 /* AMNowClockView.swift */,
			);
			name = Source;
			path = ../../../Source;
			sourceTree = "<group>";
		};
		0EDDDE95234F3A1900A8E0F4 /* SampleAMNowClockTests */ = {
			isa = PBXGroup;
			children = (
				0EDDDE96234F3A1900A8E0F4 /* SampleAMNowClockTests.swift */,
				0EDDDE98234F3A1900A8E0F4 /* Info.plist */,
			);
			path = SampleAMNowClockTests;
			sourceTree = "<group>";
		};
/* End PBXGroup section */

/* Begin PBXNativeTarget section */
		0E9A083720013B0C00DD65DB /* SampleAMNowClock */ = {
			isa = PBXNativeTarget;
			buildConfigurationList = 0E9A084A20013B0C00DD65DB /* Build configuration list for PBXNativeTarget "SampleAMNowClock" */;
			buildPhases = (
				0E9A083420013B0C00DD65DB /* Sources */,
				0E9A083520013B0C00DD65DB /* Frameworks */,
				0E9A083620013B0C00DD65DB /* Resources */,
			);
			buildRules = (
			);
			dependencies = (
			);
			name = SampleAMNowClock;
			productName = SampleAMNowClock;
			productReference = 0E9A083820013B0C00DD65DB /* SampleAMNowClock.app */;
			productType = "com.apple.product-type.application";
		};
		0EDDDE93234F3A1900A8E0F4 /* SampleAMNowClockTests */ = {
			isa = PBXNativeTarget;
			buildConfigurationList = 0EDDDE9D234F3A1900A8E0F4 /* Build configuration list for PBXNativeTarget "SampleAMNowClockTests" */;
			buildPhases = (
				0EDDDE90234F3A1900A8E0F4 /* Sources */,
				0EDDDE91234F3A1900A8E0F4 /* Frameworks */,
				0EDDDE92234F3A1900A8E0F4 /* Resources */,
			);
			buildRules = (
			);
			dependencies = (
				0EDDDE9A234F3A1900A8E0F4 /* PBXTargetDependency */,
			);
			name = SampleAMNowClockTests;
			productName = SampleAMNowClockTests;
			productReference = 0EDDDE94234F3A1900A8E0F4 /* SampleAMNowClockTests.xctest */;
			productType = "com.apple.product-type.bundle.unit-test";
		};
/* End PBXNativeTarget section */

/* Begin PBXProject section */
		0E9A083020013B0C00DD65DB /* Project object */ = {
			isa = PBXProject;
			attributes = {
				LastSwiftUpdateCheck = 1100;
				LastUpgradeCheck = 1020;
				ORGANIZATIONNAME = am10;
				TargetAttributes = {
					0E9A083720013B0C00DD65DB = {
						CreatedOnToolsVersion = 9.2;
						LastSwiftMigration = 1020;
						ProvisioningStyle = Manual;
					};
					0EDDDE93234F3A1900A8E0F4 = {
						CreatedOnToolsVersion = 11.0;
						ProvisioningStyle = Automatic;
						TestTargetID = 0E9A083720013B0C00DD65DB;
					};
				};
			};
			buildConfigurationList = 0E9A083320013B0C00DD65DB /* Build configuration list for PBXProject "SampleAMNowClock" */;
			compatibilityVersion = "Xcode 8.0";
			developmentRegion = en;
			hasScannedForEncodings = 0;
			knownRegions = (
				en,
				Base,
			);
			mainGroup = 0E9A082F20013B0C00DD65DB;
			productRefGroup = 0E9A083920013B0C00DD65DB /* Products */;
			projectDirPath = "";
			projectRoot = "";
			targets = (
				0E9A083720013B0C00DD65DB /* SampleAMNowClock */,
				0EDDDE93234F3A1900A8E0F4 /* SampleAMNowClockTests */,
			);
		};
/* End PBXProject section */

/* Begin PBXResourcesBuildPhase section */
		0E9A083620013B0C00DD65DB /* Resources */ = {
			isa = PBXResourcesBuildPhase;
			buildActionMask = 2147483647;
			files = (
				0E4752C4201EDDC7002EA382 /* clock@2x.png in Resources */,
				0E4752C6201EDDC7002EA382 /* hourhand2@2x.png in Resources */,
				0E4752CC201EDDC7002EA382 /* secondhand2@2x.png in Resources */,
				0E4752C8201EDDC7002EA382 /* m@2x.png in Resources */,
				0E4752C3201EDDC7002EA382 /* clock2@2x.png in Resources */,
				0E9A084620013B0C00DD65DB /* LaunchScreen.storyboard in Resources */,
				0E9A084320013B0C00DD65DB /* Assets.xcassets in Resources */,
				0E4752C9201EDDC7002EA382 /* minutehand2@2x.png in Resources */,
				0E4752CA201EDDC7002EA382 /* minutehand@2x.png in Resources */,
				0E4752CB201EDDC7002EA382 /* s@2x.png in Resources */,
				0E4752C7201EDDC7002EA382 /* hourhand@2x.png in Resources */,
				0E9A084120013B0C00DD65DB /* Main.storyboard in Resources */,
				0E4752C5201EDDC7002EA382 /* h@2x.png in Resources */,
				0E4752CD201EDDC7002EA382 /* secondhand@2x.png in Resources */,
			);
			runOnlyForDeploymentPostprocessing = 0;
		};
		0EDDDE92234F3A1900A8E0F4 /* Resources */ = {
			isa = PBXResourcesBuildPhase;
			buildActionMask = 2147483647;
			files = (
			);
			runOnlyForDeploymentPostprocessing = 0;
		};
/* End PBXResourcesBuildPhase section */

/* Begin PBXSourcesBuildPhase section */
		0E9A083420013B0C00DD65DB /* Sources */ = {
			isa = PBXSourcesBuildPhase;
			buildActionMask = 2147483647;
			files = (
				0E4752CF201EDDC7002EA382 /* ViewController.swift in Sources */,
				0EB234C92354899600442A85 /* AMNowClockView.swift in Sources */,
				0E4752CE201EDDC7002EA382 /* AppDelegate.swift in Sources */,
			);
			runOnlyForDeploymentPostprocessing = 0;
		};
		0EDDDE90234F3A1900A8E0F4 /* Sources */ = {
			isa = PBXSourcesBuildPhase;
			buildActionMask = 2147483647;
			files = (
				0EDDDE97234F3A1900A8E0F4 /* SampleAMNowClockTests.swift in Sources */,
			);
			runOnlyForDeploymentPostprocessing = 0;
		};
/* End PBXSourcesBuildPhase section */

/* Begin PBXTargetDependency section */
		0EDDDE9A234F3A1900A8E0F4 /* PBXTargetDependency */ = {
			isa = PBXTargetDependency;
			target = 0E9A083720013B0C00DD65DB /* SampleAMNowClock */;
			targetProxy = 0EDDDE99234F3A1900A8E0F4 /* PBXContainerItemProxy */;
		};
/* End PBXTargetDependency section */

/* Begin PBXVariantGroup section */
		0E9A083F20013B0C00DD65DB /* Main.storyboard */ = {
			isa = PBXVariantGroup;
			children = (
				0E9A084020013B0C00DD65DB /* Base */,
			);
			name = Main.storyboard;
			sourceTree = "<group>";
		};
		0E9A084420013B0C00DD65DB /* LaunchScreen.storyboard */ = {
			isa = PBXVariantGroup;
			children = (
				0E9A084520013B0C00DD65DB /* Base */,
			);
			name = LaunchScreen.storyboard;
			sourceTree = "<group>";
		};
/* End PBXVariantGroup section */

/* Begin XCBuildConfiguration section */
		0E9A084820013B0C00DD65DB /* Debug */ = {
			isa = XCBuildConfiguration;
			buildSettings = {
				ALWAYS_SEARCH_USER_PATHS = NO;
				CLANG_ANALYZER_NONNULL = YES;
				CLANG_ANALYZER_NUMBER_OBJECT_CONVERSION = YES_AGGRESSIVE;
				CLANG_CXX_LANGUAGE_STANDARD = "gnu++14";
				CLANG_CXX_LIBRARY = "libc++";
				CLANG_ENABLE_MODULES = YES;
				CLANG_ENABLE_OBJC_ARC = YES;
				CLANG_WARN_BLOCK_CAPTURE_AUTORELEASING = YES;
				CLANG_WARN_BOOL_CONVERSION = YES;
				CLANG_WARN_COMMA = YES;
				CLANG_WARN_CONSTANT_CONVERSION = YES;
				CLANG_WARN_DEPRECATED_OBJC_IMPLEMENTATIONS = YES;
				CLANG_WARN_DIRECT_OBJC_ISA_USAGE = YES_ERROR;
				CLANG_WARN_DOCUMENTATION_COMMENTS = YES;
				CLANG_WARN_EMPTY_BODY = YES;
				CLANG_WARN_ENUM_CONVERSION = YES;
				CLANG_WARN_INFINITE_RECURSION = YES;
				CLANG_WARN_INT_CONVERSION = YES;
				CLANG_WARN_NON_LITERAL_NULL_CONVERSION = YES;
				CLANG_WARN_OBJC_IMPLICIT_RETAIN_SELF = YES;
				CLANG_WARN_OBJC_LITERAL_CONVERSION = YES;
				CLANG_WARN_OBJC_ROOT_CLASS = YES_ERROR;
				CLANG_WARN_RANGE_LOOP_ANALYSIS = YES;
				CLANG_WARN_STRICT_PROTOTYPES = YES;
				CLANG_WARN_SUSPICIOUS_MOVE = YES;
				CLANG_WARN_UNGUARDED_AVAILABILITY = YES_AGGRESSIVE;
				CLANG_WARN_UNREACHABLE_CODE = YES;
				CLANG_WARN__DUPLICATE_METHOD_MATCH = YES;
				CODE_SIGN_IDENTITY = "iPhone Developer";
				COPY_PHASE_STRIP = NO;
				DEBUG_INFORMATION_FORMAT = dwarf;
				ENABLE_STRICT_OBJC_MSGSEND = YES;
				ENABLE_TESTABILITY = YES;
				GCC_C_LANGUAGE_STANDARD = gnu11;
				GCC_DYNAMIC_NO_PIC = NO;
				GCC_NO_COMMON_BLOCKS = YES;
				GCC_OPTIMIZATION_LEVEL = 0;
				GCC_PREPROCESSOR_DEFINITIONS = (
					"DEBUG=1",
					"$(inherited)",
				);
				GCC_WARN_64_TO_32_BIT_CONVERSION = YES;
				GCC_WARN_ABOUT_RETURN_TYPE = YES_ERROR;
				GCC_WARN_UNDECLARED_SELECTOR = YES;
				GCC_WARN_UNINITIALIZED_AUTOS = YES_AGGRESSIVE;
				GCC_WARN_UNUSED_FUNCTION = YES;
				GCC_WARN_UNUSED_VARIABLE = YES;
				IPHONEOS_DEPLOYMENT_TARGET = 9.0;
				MTL_ENABLE_DEBUG_INFO = YES;
				ONLY_ACTIVE_ARCH = YES;
				SDKROOT = iphoneos;
				SWIFT_ACTIVE_COMPILATION_CONDITIONS = DEBUG;
				SWIFT_OPTIMIZATION_LEVEL = "-Onone";
			};
			name = Debug;
		};
		0E9A084920013B0C00DD65DB /* Release */ = {
			isa = XCBuildConfiguration;
			buildSettings = {
				ALWAYS_SEARCH_USER_PATHS = NO;
				CLANG_ANALYZER_NONNULL = YES;
				CLANG_ANALYZER_NUMBER_OBJECT_CONVERSION = YES_AGGRESSIVE;
				CLANG_CXX_LANGUAGE_STANDARD = "gnu++14";
				CLANG_CXX_LIBRARY = "libc++";
				CLANG_ENABLE_MODULES = YES;
				CLANG_ENABLE_OBJC_ARC = YES;
				CLANG_WARN_BLOCK_CAPTURE_AUTORELEASING = YES;
				CLANG_WARN_BOOL_CONVERSION = YES;
				CLANG_WARN_COMMA = YES;
				CLANG_WARN_CONSTANT_CONVERSION = YES;
				CLANG_WARN_DEPRECATED_OBJC_IMPLEMENTATIONS = YES;
				CLANG_WARN_DIRECT_OBJC_ISA_USAGE = YES_ERROR;
				CLANG_WARN_DOCUMENTATION_COMMENTS = YES;
				CLANG_WARN_EMPTY_BODY = YES;
				CLANG_WARN_ENUM_CONVERSION = YES;
				CLANG_WARN_INFINITE_RECURSION = YES;
				CLANG_WARN_INT_CONVERSION = YES;
				CLANG_WARN_NON_LITERAL_NULL_CONVERSION = YES;
				CLANG_WARN_OBJC_IMPLICIT_RETAIN_SELF = YES;
				CLANG_WARN_OBJC_LITERAL_CONVERSION = YES;
				CLANG_WARN_OBJC_ROOT_CLASS = YES_ERROR;
				CLANG_WARN_RANGE_LOOP_ANALYSIS = YES;
				CLANG_WARN_STRICT_PROTOTYPES = YES;
				CLANG_WARN_SUSPICIOUS_MOVE = YES;
				CLANG_WARN_UNGUARDED_AVAILABILITY = YES_AGGRESSIVE;
				CLANG_WARN_UNREACHABLE_CODE = YES;
				CLANG_WARN__DUPLICATE_METHOD_MATCH = YES;
				CODE_SIGN_IDENTITY = "iPhone Developer";
				COPY_PHASE_STRIP = NO;
				DEBUG_INFORMATION_FORMAT = "dwarf-with-dsym";
				ENABLE_NS_ASSERTIONS = NO;
				ENABLE_STRICT_OBJC_MSGSEND = YES;
				GCC_C_LANGUAGE_STANDARD = gnu11;
				GCC_NO_COMMON_BLOCKS = YES;
				GCC_WARN_64_TO_32_BIT_CONVERSION = YES;
				GCC_WARN_ABOUT_RETURN_TYPE = YES_ERROR;
				GCC_WARN_UNDECLARED_SELECTOR = YES;
				GCC_WARN_UNINITIALIZED_AUTOS = YES_AGGRESSIVE;
				GCC_WARN_UNUSED_FUNCTION = YES;
				GCC_WARN_UNUSED_VARIABLE = YES;
				IPHONEOS_DEPLOYMENT_TARGET = 9.0;
				MTL_ENABLE_DEBUG_INFO = NO;
				SDKROOT = iphoneos;
				SWIFT_OPTIMIZATION_LEVEL = "-Owholemodule";
				VALIDATE_PRODUCT = YES;
			};
			name = Release;
		};
		0E9A084B20013B0C00DD65DB /* Debug */ = {
			isa = XCBuildConfiguration;
			buildSettings = {
				ASSETCATALOG_COMPILER_APPICON_NAME = AppIcon;
				"CODE_SIGN_IDENTITY[sdk=iphoneos*]" = "iPhone Developer";
				CODE_SIGN_STYLE = Manual;
				DEVELOPMENT_TEAM = "";
				INFOPLIST_FILE = SampleAMNowClock/Info.plist;
				LD_RUNPATH_SEARCH_PATHS = "$(inherited) @executable_path/Frameworks";
				PRODUCT_BUNDLE_IDENTIFIER = am10.SampleAMNowClock;
				PRODUCT_NAME = "$(TARGET_NAME)";
				PROVISIONING_PROFILE_SPECIFIER = "";
				SWIFT_VERSION = 5.0;
				TARGETED_DEVICE_FAMILY = "1,2";
			};
			name = Debug;
		};
		0E9A084C20013B0C00DD65DB /* Release */ = {
			isa = XCBuildConfiguration;
			buildSettings = {
				ASSETCATALOG_COMPILER_APPICON_NAME = AppIcon;
				"CODE_SIGN_IDENTITY[sdk=iphoneos*]" = "iPhone Developer";
				CODE_SIGN_STYLE = Manual;
				DEVELOPMENT_TEAM = "";
				INFOPLIST_FILE = SampleAMNowClock/Info.plist;
				LD_RUNPATH_SEARCH_PATHS = "$(inherited) @executable_path/Frameworks";
				PRODUCT_BUNDLE_IDENTIFIER = am10.SampleAMNowClock;
				PRODUCT_NAME = "$(TARGET_NAME)";
				PROVISIONING_PROFILE_SPECIFIER = "";
				SWIFT_VERSION = 5.0;
				TARGETED_DEVICE_FAMILY = "1,2";
			};
			name = Release;
		};
		0EDDDE9B234F3A1900A8E0F4 /* Debug */ = {
			isa = XCBuildConfiguration;
			buildSettings = {
				BUNDLE_LOADER = "$(TEST_HOST)";
				CLANG_ENABLE_OBJC_WEAK = YES;
				CODE_SIGN_STYLE = Automatic;
				DEVELOPMENT_TEAM = H5QW7TLM9U;
				INFOPLIST_FILE = SampleAMNowClockTests/Info.plist;
				IPHONEOS_DEPLOYMENT_TARGET = 13.0;
				LD_RUNPATH_SEARCH_PATHS = "$(inherited) @executable_path/Frameworks @loader_path/Frameworks";
				MTL_ENABLE_DEBUG_INFO = INCLUDE_SOURCE;
				MTL_FAST_MATH = YES;
				PRODUCT_BUNDLE_IDENTIFIER = am10.SampleAMNowClockTests;
				PRODUCT_NAME = "$(TARGET_NAME)";
				SWIFT_VERSION = 5.0;
				TARGETED_DEVICE_FAMILY = "1,2";
				TEST_HOST = "$(BUILT_PRODUCTS_DIR)/SampleAMNowClock.app/SampleAMNowClock";
			};
			name = Debug;
		};
		0EDDDE9C234F3A1900A8E0F4 /* Release */ = {
			isa = XCBuildConfiguration;
			buildSettings = {
				BUNDLE_LOADER = "$(TEST_HOST)";
				CLANG_ENABLE_OBJC_WEAK = YES;
				CODE_SIGN_STYLE = Automatic;
				DEVELOPMENT_TEAM = H5QW7TLM9U;
				INFOPLIST_FILE = SampleAMNowClockTests/Info.plist;
				IPHONEOS_DEPLOYMENT_TARGET = 13.0;
				LD_RUNPATH_SEARCH_PATHS = "$(inherited) @executable_path/Frameworks @loader_path/Frameworks";
				MTL_FAST_MATH = YES;
				PRODUCT_BUNDLE_IDENTIFIER = am10.SampleAMNowClockTests;
				PRODUCT_NAME = "$(TARGET_NAME)";
				SWIFT_VERSION = 5.0;
				TARGETED_DEVICE_FAMILY = "1,2";
				TEST_HOST = "$(BUILT_PRODUCTS_DIR)/SampleAMNowClock.app/SampleAMNowClock";
			};
			name = Release;
		};
/* End XCBuildConfiguration section */

/* Begin XCConfigurationList section */
		0E9A083320013B0C00DD65DB /* Build configuration list for PBXProject "SampleAMNowClock" */ = {
			isa = XCConfigurationList;
			buildConfigurations = (
				0E9A084820013B0C00DD65DB /* Debug */,
				0E9A084920013B0C00DD65DB /* Release */,
			);
			defaultConfigurationIsVisible = 0;
			defaultConfigurationName = Release;
		};
		0E9A084A20013B0C00DD65DB /* Build configuration list for PBXNativeTarget "SampleAMNowClock" */ = {
			isa = XCConfigurationList;
			buildConfigurations = (
				0E9A084B20013B0C00DD65DB /* Debug */,
				0E9A084C20013B0C00DD65DB /* Release */,
			);
			defaultConfigurationIsVisible = 0;
			defaultConfigurationName = Release;
		};
		0EDDDE9D234F3A1900A8E0F4 /* Build configuration list for PBXNativeTarget "SampleAMNowClockTests" */ = {
			isa = XCConfigurationList;
			buildConfigurations = (
				0EDDDE9B234F3A1900A8E0F4 /* Debug */,
				0EDDDE9C234F3A1900A8E0F4 /* Release */,
			);
			defaultConfigurationIsVisible = 0;
			defaultConfigurationName = Release;
		};
/* End XCConfigurationList section */
	};
	rootObject = 0E9A083020013B0C00DD65DB /* Project object */;
}
